Microsoft Visual Studio Solution File, Format Version 12.00
# Visual Studio Version 17
VisualStudioVersion = 17.13.35931.197
MinimumVisualStudioVersion = 10.0.40219.1
Project("{FAE04EC0-301F-11D3-BF4B-00C04F79EFBC}") = "BookShop.Api", "BookShop.Api\BookShop.Api.csproj", "{1CF6DBED-C364-4777-9A6F-F570866F2A3F}"
EndProject
Project("{FAE04EC0-301F-11D3-BF4B-00C04F79EFBC}") = "BookShop.Api.EF", "BookShop.Api.EF\BookShop.Api.EF.csproj", "{40DB8557-C34B-4A7D-A58D-C581E9FE31F7}"
EndProject
Project("{FAE04EC0-301F-11D3-BF4B-00C04F79EFBC}") = "BookShop.Api.Tests", "BookShop.Api.Tests\BookShop.Api.Tests.csproj", "{C58CA2D1-FA62-450E-9E8D-0D212CE989A7}"
EndProject
Global
	GlobalSection(SolutionConfigurationPlatforms) = preSolution
		Debug|Any CPU = Debug|Any CPU
		Release|Any CPU = Release|Any CPU
	EndGlobalSection
	GlobalSection(ProjectConfigurationPlatforms) = postSolution
		{1CF6DBED-C364-4777-9A6F-F570866F2A3F}.Debug|Any CPU.ActiveCfg = Debug|Any CPU
		{1CF6DBED-C364-4777-9A6F-F570866F2A3F}.Debug|Any CPU.Build.0 = Debug|Any CPU
		{1CF6DBED-C364-4777-9A6F-F570866F2A3F}.Release|Any CPU.ActiveCfg = Release|Any CPU
		{1CF6DBED-C364-4777-9A6F-F570866F2A3F}.Release|Any CPU.Build.0 = Release|Any CPU
		{40DB8557-C34B-4A7D-A58D-C581E9FE31F7}.Debug|Any CPU.ActiveCfg = Debug|Any CPU
		{40DB8557-C34B-4A7D-A58D-C581E9FE31F7}.Debug|Any CPU.Build.0 = Debug|Any CPU
		{40DB8557-C34B-4A7D-A58D-C581E9FE31F7}.Release|Any CPU.ActiveCfg = Release|Any CPU
		{40DB8557-C34B-4A7D-A58D-C581E9FE31F7}.Release|Any CPU.Build.0 = Release|Any CPU
		{C58CA2D1-FA62-450E-9E8D-0D212CE989A7}.Debug|Any CPU.ActiveCfg = Debug|Any CPU
		{C58CA2D1-FA62-450E-9E8D-0D212CE989A7}.Debug|Any CPU.Build.0 = Debug|Any CPU
		{C58CA2D1-FA62-450E-9E8D-0D212CE989A7}.Release|Any CPU.ActiveCfg = Release|Any CPU
		{C58CA2D1-FA62-450E-9E8D-0D212CE989A7}.Release|Any CPU.Build.0 = Release|Any CPU
	EndGlobalSection
	GlobalSection(SolutionProperties) = preSolution
		HideSolutionNode = FALSE
	EndGlobalSection
	GlobalSection(ExtensibilityGlobals) = postSolution
		SolutionGuid = {873E5C69-23DE-4A57-899D-398B59D62C26}
	EndGlobalSection
EndGlobal
